
Microsoft Visual Studio Solution File, Format Version 12.00
# Visual Studio Version 17
VisualStudioVersion = 17.6.33606.364
MinimumVisualStudioVersion = 10.0.40219.1
Project("{2150E333-8FDC-42A3-9474-1A3956D46DE8}") = "FrontEnd", "FrontEnd", "{9DBEDFC7-6695-43A2-A386-869558CE9FCA}"
EndProject
Project("{2150E333-8FDC-42A3-9474-1A3956D46DE8}") = "Gateway", "Gateway", "{D844D97F-14F9-4A40-9C15-68170C55DFF7}"
EndProject
Project("{2150E333-8FDC-42A3-9474-1A3956D46DE8}") = "Integration", "Integration", "{41E4953F-3EA9-4F45-8673-B2608385547B}"
EndProject
Project("{2150E333-8FDC-42A3-9474-1A3956D46DE8}") = "Services", "Services", "{ADB819A7-64B4-4AFF-BA2B-69EFB3F6577A}"
EndProject
Project("{9A19103F-16F7-4668-BE54-9A1E7A4F7556}") = "Todo.MVC", "Todo.Web\Todo.MVC.csproj", "{47E64AAC-F3FE-4C8A-88B5-C71F84B0766E}"
EndProject
Project("{9A19103F-16F7-4668-BE54-9A1E7A4F7556}") = "Todo.GatewaySolution", "Todo.GatewaySolution\Todo.GatewaySolution.csproj", "{F2BC076C-48FB-4799-B05E-A1A1B0D9B7F8}"
EndProject
Project("{9A19103F-16F7-4668-BE54-9A1E7A4F7556}") = "Todo.MessageBus", "Todo.MessageBus\Todo.MessageBus.csproj", "{A9726CDB-9236-45BD-A2EC-064C332917B0}"
EndProject
Project("{9A19103F-16F7-4668-BE54-9A1E7A4F7556}") = "Todo.Services.AuthAPI", "Todo.Services.AuthAPI\Todo.Services.AuthAPI.csproj", "{E5143736-D643-413D-A984-25CE7ACDCCCB}"
EndProject
Project("{9A19103F-16F7-4668-BE54-9A1E7A4F7556}") = "Todo.Services.CouponAPI", "Todo.Services.CouponAPI\Todo.Services.CouponAPI.csproj", "{F5B62C0F-E812-4446-BB12-15824E97D3FD}"
EndProject
Project("{9A19103F-16F7-4668-BE54-9A1E7A4F7556}") = "Todo.Services.EmailAPI", "Todo.Services.EmailAPI\Todo.Services.EmailAPI.csproj", "{B5824397-787D-452A-B8DC-9E7A4F0EBAC9}"
EndProject
Project("{9A19103F-16F7-4668-BE54-9A1E7A4F7556}") = "Todo.Services.OrderAPI", "Todo.Services.OrderAPI\Todo.Services.OrderAPI.csproj", "{77A327A1-ED4B-454F-BA5E-DB01E20F8AEC}"
EndProject
Project("{9A19103F-16F7-4668-BE54-9A1E7A4F7556}") = "Todo.Services.ProductAPI", "Todo.Services.ProductAPI\Todo.Services.ProductAPI.csproj", "{CA28B545-91DD-4E75-971F-39BAB5CBC845}"
EndProject
Project("{9A19103F-16F7-4668-BE54-9A1E7A4F7556}") = "Todo.Services.RewardAPI", "Todo.Services.RewardAPI\Todo.Services.RewardAPI.csproj", "{8D4D3523-CE48-4196-B495-D105BF436A19}"
EndProject
Project("{9A19103F-16F7-4668-BE54-9A1E7A4F7556}") = "Todo.Services.ShoppingCartAPI", "Todo.Services.ShoppingCartAPI\Todo.Services.ShoppingCartAPI.csproj", "{4F9B2C27-1F26-42AF-956E-2318D5BBC68B}"
EndProject
Project("{9A19103F-16F7-4668-BE54-9A1E7A4F7556}") = "Todo.Blazor", "Todo.Blazor\Todo.Blazor.csproj", "{F1B086CA-633D-4CEB-94E1-3CD00B03059D}"
EndProject
Project("{54A90642-561A-4BB1-A94E-469ADEE60C69}") = "Todo.ReactJS", "Todo.ReactJS\Todo.ReactJS.esproj", "{A720DBDE-2810-47CC-81A4-EB653530D628}"
EndProject
Project("{FAE04EC0-301F-11D3-BF4B-00C04F79EFBC}") = "BlazorApp2", "BlazorApp2\BlazorApp2.csproj", "{FD63C2A0-BEE9-49E4-AB92-70AD09915538}"
EndProject
Global
	GlobalSection(SolutionConfigurationPlatforms) = preSolution
		Debug|Any CPU = Debug|Any CPU
		Release|Any CPU = Release|Any CPU
	EndGlobalSection
	GlobalSection(ProjectConfigurationPlatforms) = postSolution
		{47E64AAC-F3FE-4C8A-88B5-C71F84B0766E}.Debug|Any CPU.ActiveCfg = Debug|Any CPU
		{47E64AAC-F3FE-4C8A-88B5-C71F84B0766E}.Debug|Any CPU.Build.0 = Debug|Any CPU
		{47E64AAC-F3FE-4C8A-88B5-C71F84B0766E}.Release|Any CPU.ActiveCfg = Release|Any CPU
		{47E64AAC-F3FE-4C8A-88B5-C71F84B0766E}.Release|Any CPU.Build.0 = Release|Any CPU
		{F2BC076C-48FB-4799-B05E-A1A1B0D9B7F8}.Debug|Any CPU.ActiveCfg = Debug|Any CPU
		{F2BC076C-48FB-4799-B05E-A1A1B0D9B7F8}.Debug|Any CPU.Build.0 = Debug|Any CPU
		{F2BC076C-48FB-4799-B05E-A1A1B0D9B7F8}.Release|Any CPU.ActiveCfg = Release|Any CPU
		{F2BC076C-48FB-4799-B05E-A1A1B0D9B7F8}.Release|Any CPU.Build.0 = Release|Any CPU
		{A9726CDB-9236-45BD-A2EC-064C332917B0}.Debug|Any CPU.ActiveCfg = Debug|Any CPU
		{A9726CDB-9236-45BD-A2EC-064C332917B0}.Debug|Any CPU.Build.0 = Debug|Any CPU
		{A9726CDB-9236-45BD-A2EC-064C332917B0}.Release|Any CPU.ActiveCfg = Release|Any CPU
		{A9726CDB-9236-45BD-A2EC-064C332917B0}.Release|Any CPU.Build.0 = Release|Any CPU
		{E5143736-D643-413D-A984-25CE7ACDCCCB}.Debug|Any CPU.ActiveCfg = Debug|Any CPU
		{E5143736-D643-413D-A984-25CE7ACDCCCB}.Debug|Any CPU.Build.0 = Debug|Any CPU
		{E5143736-D643-413D-A984-25CE7ACDCCCB}.Release|Any CPU.ActiveCfg = Release|Any CPU
		{E5143736-D643-413D-A984-25CE7ACDCCCB}.Release|Any CPU.Build.0 = Release|Any CPU
		{F5B62C0F-E812-4446-BB12-15824E97D3FD}.Debug|Any CPU.ActiveCfg = Debug|Any CPU
		{F5B62C0F-E812-4446-BB12-15824E97D3FD}.Debug|Any CPU.Build.0 = Debug|Any CPU
		{F5B62C0F-E812-4446-BB12-15824E97D3FD}.Release|Any CPU.ActiveCfg = Release|Any CPU
		{F5B62C0F-E812-4446-BB12-15824E97D3FD}.Release|Any CPU.Build.0 = Release|Any CPU
		{B5824397-787D-452A-B8DC-9E7A4F0EBAC9}.Debug|Any CPU.ActiveCfg = Debug|Any CPU
		{B5824397-787D-452A-B8DC-9E7A4F0EBAC9}.Debug|Any CPU.Build.0 = Debug|Any CPU
		{B5824397-787D-452A-B8DC-9E7A4F0EBAC9}.Release|Any CPU.ActiveCfg = Release|Any CPU
		{B5824397-787D-452A-B8DC-9E7A4F0EBAC9}.Release|Any CPU.Build.0 = Release|Any CPU
		{77A327A1-ED4B-454F-BA5E-DB01E20F8AEC}.Debug|Any CPU.ActiveCfg = Debug|Any CPU
		{77A327A1-ED4B-454F-BA5E-DB01E20F8AEC}.Debug|Any CPU.Build.0 = Debug|Any CPU
		{77A327A1-ED4B-454F-BA5E-DB01E20F8AEC}.Release|Any CPU.ActiveCfg = Release|Any CPU
		{77A327A1-ED4B-454F-BA5E-DB01E20F8AEC}.Release|Any CPU.Build.0 = Release|Any CPU
		{CA28B545-91DD-4E75-971F-39BAB5CBC845}.Debug|Any CPU.ActiveCfg = Debug|Any CPU
		{CA28B545-91DD-4E75-971F-39BAB5CBC845}.Debug|Any CPU.Build.0 = Debug|Any CPU
		{CA28B545-91DD-4E75-971F-39BAB5CBC845}.Release|Any CPU.ActiveCfg = Release|Any CPU
		{CA28B545-91DD-4E75-971F-39BAB5CBC845}.Release|Any CPU.Build.0 = Release|Any CPU
		{8D4D3523-CE48-4196-B495-D105BF436A19}.Debug|Any CPU.ActiveCfg = Debug|Any CPU
		{8D4D3523-CE48-4196-B495-D105BF436A19}.Debug|Any CPU.Build.0 = Debug|Any CPU
		{8D4D3523-CE48-4196-B495-D105BF436A19}.Release|Any CPU.ActiveCfg = Release|Any CPU
		{8D4D3523-CE48-4196-B495-D105BF436A19}.Release|Any CPU.Build.0 = Release|Any CPU
		{4F9B2C27-1F26-42AF-956E-2318D5BBC68B}.Debug|Any CPU.ActiveCfg = Debug|Any CPU
		{4F9B2C27-1F26-42AF-956E-2318D5BBC68B}.Debug|Any CPU.Build.0 = Debug|Any CPU
		{4F9B2C27-1F26-42AF-956E-2318D5BBC68B}.Release|Any CPU.ActiveCfg = Release|Any CPU
		{4F9B2C27-1F26-42AF-956E-2318D5BBC68B}.Release|Any CPU.Build.0 = Release|Any CPU
		{F1B086CA-633D-4CEB-94E1-3CD00B03059D}.Debug|Any CPU.ActiveCfg = Debug|Any CPU
		{F1B086CA-633D-4CEB-94E1-3CD00B03059D}.Debug|Any CPU.Build.0 = Debug|Any CPU
		{F1B086CA-633D-4CEB-94E1-3CD00B03059D}.Release|Any CPU.ActiveCfg = Release|Any CPU
		{F1B086CA-633D-4CEB-94E1-3CD00B03059D}.Release|Any CPU.Build.0 = Release|Any CPU
		{A720DBDE-2810-47CC-81A4-EB653530D628}.Debug|Any CPU.ActiveCfg = Debug|Any CPU
		{A720DBDE-2810-47CC-81A4-EB653530D628}.Debug|Any CPU.Build.0 = Debug|Any CPU
		{A720DBDE-2810-47CC-81A4-EB653530D628}.Debug|Any CPU.Deploy.0 = Debug|Any CPU
		{A720DBDE-2810-47CC-81A4-EB653530D628}.Release|Any CPU.ActiveCfg = Release|Any CPU
		{A720DBDE-2810-47CC-81A4-EB653530D628}.Release|Any CPU.Build.0 = Release|Any CPU
		{A720DBDE-2810-47CC-81A4-EB653530D628}.Release|Any CPU.Deploy.0 = Release|Any CPU
		{FD63C2A0-BEE9-49E4-AB92-70AD09915538}.Debug|Any CPU.ActiveCfg = Debug|Any CPU
		{FD63C2A0-BEE9-49E4-AB92-70AD09915538}.Debug|Any CPU.Build.0 = Debug|Any CPU
		{FD63C2A0-BEE9-49E4-AB92-70AD09915538}.Release|Any CPU.ActiveCfg = Release|Any CPU
		{FD63C2A0-BEE9-49E4-AB92-70AD09915538}.Release|Any CPU.Build.0 = Release|Any CPU
	EndGlobalSection
	GlobalSection(SolutionProperties) = preSolution
		HideSolutionNode = FALSE
	EndGlobalSection
	GlobalSection(NestedProjects) = preSolution
		{47E64AAC-F3FE-4C8A-88B5-C71F84B0766E} = {9DBEDFC7-6695-43A2-A386-869558CE9FCA}
		{F2BC076C-48FB-4799-B05E-A1A1B0D9B7F8} = {D844D97F-14F9-4A40-9C15-68170C55DFF7}
		{A9726CDB-9236-45BD-A2EC-064C332917B0} = {41E4953F-3EA9-4F45-8673-B2608385547B}
		{E5143736-D643-413D-A984-25CE7ACDCCCB} = {ADB819A7-64B4-4AFF-BA2B-69EFB3F6577A}
		{F5B62C0F-E812-4446-BB12-15824E97D3FD} = {ADB819A7-64B4-4AFF-BA2B-69EFB3F6577A}
		{B5824397-787D-452A-B8DC-9E7A4F0EBAC9} = {ADB819A7-64B4-4AFF-BA2B-69EFB3F6577A}
		{77A327A1-ED4B-454F-BA5E-DB01E20F8AEC} = {ADB819A7-64B4-4AFF-BA2B-69EFB3F6577A}
		{CA28B545-91DD-4E75-971F-39BAB5CBC845} = {ADB819A7-64B4-4AFF-BA2B-69EFB3F6577A}
		{8D4D3523-CE48-4196-B495-D105BF436A19} = {ADB819A7-64B4-4AFF-BA2B-69EFB3F6577A}
		{4F9B2C27-1F26-42AF-956E-2318D5BBC68B} = {ADB819A7-64B4-4AFF-BA2B-69EFB3F6577A}
		{F1B086CA-633D-4CEB-94E1-3CD00B03059D} = {9DBEDFC7-6695-43A2-A386-869558CE9FCA}
		{A720DBDE-2810-47CC-81A4-EB653530D628} = {9DBEDFC7-6695-43A2-A386-869558CE9FCA}
		{FD63C2A0-BEE9-49E4-AB92-70AD09915538} = {9DBEDFC7-6695-43A2-A386-869558CE9FCA}
	EndGlobalSection
	GlobalSection(ExtensibilityGlobals) = postSolution
		SolutionGuid = {929D2BC7-133A-46CF-89C4-0315B8019576}
	EndGlobalSection
EndGlobal
